
Microsoft Visual Studio Solution File, Format Version 12.00
# Visual Studio 15
VisualStudioVersion = 15.0.28010.2041
MinimumVisualStudioVersion = 10.0.40219.1
Project("{9A19103F-16F7-4668-BE54-9A1E7A4F7556}") = "SmartDose.RestClient", "SmartDose.RestClient\SmartDose.RestClient.csproj", "{ACC77580-56CA-4E52-B59E-E2242513A40E}"
EndProject
Project("{9A19103F-16F7-4668-BE54-9A1E7A4F7556}") = "SmartDose.RestDomain", "SmartDose.RestDomain\SmartDose.RestDomain.csproj", "{CF621EB8-7F85-4010-8FA1-7468C3842795}"
EndProject
Project("{2150E333-8FDC-42A3-9474-1A3956D46DE8}") = "Solution Items", "Solution Items", "{C48D5D2B-FC50-4D6C-AA9A-1E3FF9886CEA}"
	ProjectSection(SolutionItems) = preProject
		.editorconfig = .editorconfig
	EndProjectSection
EndProject
Project("{FAE04EC0-301F-11D3-BF4B-00C04F79EFBC}") = "SmartDose.RestClientApp", "SmartDose.RestClientApp\SmartDose.RestClientApp.csproj", "{D0C10B86-51AB-4748-A324-2D535968F0CF}"
EndProject
Project("{9A19103F-16F7-4668-BE54-9A1E7A4F7556}") = "SmartDose.RestDomainDev", "SmartDose.RestDomainDev\SmartDose.RestDomainDev.csproj", "{03CFA792-3EA5-4C2A-93F4-FAE38E8A1AD2}"
EndProject
Project("{FAE04EC0-301F-11D3-BF4B-00C04F79EFBC}") = "SmartDose.RestClient.ConsoleSample", "SmartDose.RestClient.ConsoleSample\SmartDose.RestClient.ConsoleSample.csproj", "{43FB8069-5C6F-4666-9F9D-4773D4612BEB}"
EndProject
Global
	GlobalSection(SolutionConfigurationPlatforms) = preSolution
		Debug|Any CPU = Debug|Any CPU
		Release|Any CPU = Release|Any CPU
	EndGlobalSection
	GlobalSection(ProjectConfigurationPlatforms) = postSolution
		{ACC77580-56CA-4E52-B59E-E2242513A40E}.Debug|Any CPU.ActiveCfg = Debug|Any CPU
		{ACC77580-56CA-4E52-B59E-E2242513A40E}.Debug|Any CPU.Build.0 = Debug|Any CPU
		{ACC77580-56CA-4E52-B59E-E2242513A40E}.Release|Any CPU.ActiveCfg = Release|Any CPU
		{ACC77580-56CA-4E52-B59E-E2242513A40E}.Release|Any CPU.Build.0 = Release|Any CPU
		{CF621EB8-7F85-4010-8FA1-7468C3842795}.Debug|Any CPU.ActiveCfg = Debug|Any CPU
		{CF621EB8-7F85-4010-8FA1-7468C3842795}.Debug|Any CPU.Build.0 = Debug|Any CPU
		{CF621EB8-7F85-4010-8FA1-7468C3842795}.Release|Any CPU.ActiveCfg = Release|Any CPU
		{CF621EB8-7F85-4010-8FA1-7468C3842795}.Release|Any CPU.Build.0 = Release|Any CPU
		{D0C10B86-51AB-4748-A324-2D535968F0CF}.Debug|Any CPU.ActiveCfg = Debug|Any CPU
		{D0C10B86-51AB-4748-A324-2D535968F0CF}.Debug|Any CPU.Build.0 = Debug|Any CPU
		{D0C10B86-51AB-4748-A324-2D535968F0CF}.Release|Any CPU.ActiveCfg = Release|Any CPU
		{D0C10B86-51AB-4748-A324-2D535968F0CF}.Release|Any CPU.Build.0 = Release|Any CPU
		{03CFA792-3EA5-4C2A-93F4-FAE38E8A1AD2}.Debug|Any CPU.ActiveCfg = Debug|Any CPU
		{03CFA792-3EA5-4C2A-93F4-FAE38E8A1AD2}.Debug|Any CPU.Build.0 = Debug|Any CPU
		{03CFA792-3EA5-4C2A-93F4-FAE38E8A1AD2}.Release|Any CPU.ActiveCfg = Release|Any CPU
		{03CFA792-3EA5-4C2A-93F4-FAE38E8A1AD2}.Release|Any CPU.Build.0 = Release|Any CPU
		{43FB8069-5C6F-4666-9F9D-4773D4612BEB}.Debug|Any CPU.ActiveCfg = Debug|Any CPU
		{43FB8069-5C6F-4666-9F9D-4773D4612BEB}.Debug|Any CPU.Build.0 = Debug|Any CPU
		{43FB8069-5C6F-4666-9F9D-4773D4612BEB}.Release|Any CPU.ActiveCfg = Release|Any CPU
		{43FB8069-5C6F-4666-9F9D-4773D4612BEB}.Release|Any CPU.Build.0 = Release|Any CPU
	EndGlobalSection
	GlobalSection(SolutionProperties) = preSolution
		HideSolutionNode = FALSE
	EndGlobalSection
	GlobalSection(ExtensibilityGlobals) = postSolution
		SolutionGuid = {12F1734A-988C-492C-B175-9AE44672C8FF}
	EndGlobalSection
EndGlobal
